# This file is automatically @generated by Cargo.
# It is not intended for manual editing.
version = 4

[[package]]
name = "openwepp"
version = "0.1.0"
dependencies = [
 "openwepp-hillslope-orchestrator",
 "openwepp-input-contract",
 "openwepp-kernel-contract",
 "openwepp-sim-contract",
 "openwepp-topology",
 "openwepp-watershed-orchestrator",
]

[[package]]
name = "openwepp-hillslope-orchestrator"
version = "0.1.0"
dependencies = [
 "openwepp-kernel-contract",
 "openwepp-sim-contract",
 "openwepp-topology",
]

[[package]]
name = "openwepp-input-contract"
version = "0.1.0"

[[package]]
name = "openwepp-kernel-contract"
version = "0.1.0"
dependencies = [
 "openwepp-sim-contract",
]

[[package]]
name = "openwepp-sim-contract"
version = "0.1.0"

[[package]]
name = "openwepp-topology"
version = "0.1.0"
dependencies = [
 "openwepp-sim-contract",
]

[[package]]
name = "openwepp-watershed-orchestrator"
version = "0.1.0"
dependencies = [
 "openwepp-kernel-contract",
 "openwepp-sim-contract",
 "openwepp-topology",
]
