# This file is automatically @generated by Cargo.
# It is not intended for manual editing.
version = 4

[[package]]
name = "openwepp-kernel-contract"
version = "0.1.0"
dependencies = [
 "openwepp-sim-contract",
 "openwepp-unit-boundary",
]

[[package]]
name = "openwepp-sim-contract"
version = "0.1.0"

[[package]]
name = "openwepp-unit-boundary"
version = "0.1.0"

[[package]]
name = "perfarch02-floor-prototype"
version = "0.0.0"
dependencies = [
 "openwepp-kernel-contract",
 "openwepp-sim-contract",
]
